uuid: 6ff29343-316f-4157-a639-4f85f93d2872
langcode: en
status: true
dependencies:
  content:
    - 'block_content:footer:8a595342-8676-45a3-b0ca-be7f880c1c41'
  module:
    - block_content
    - system
  theme:
    - escoach_boot4
id: dashboardlegendblock
theme: escoach_boot4
region: content
weight: 6
provider: null
plugin: 'block_content:8a595342-8676-45a3-b0ca-be7f880c1c41'
settings:
  id: 'block_content:8a595342-8676-45a3-b0ca-be7f880c1c41'
  label: 'Dashboard legend block'
  label_display: '0'
  provider: block_content
  status: true
  info: ''
  view_mode: full
visibility:
  request_path:
    id: request_path
    negate: false
    context_mapping: {  }
    pages: /dashboard
